
Microsoft Visual Studio Solution File, Format Version 12.00
Project("{FAE04EC0-301F-11D3-BF4B-00C04F79EFBC}") = "Controller", "Controller\Controller.csproj", "{D0EF4511-FBA3-42F2-8465-5A22C6931462}"
EndProject
Project("{FAE04EC0-301F-11D3-BF4B-00C04F79EFBC}") = "Model", "Model\Model.csproj", "{916FC440-BA24-49E8-ABA3-A72088A5A3FD}"
EndProject
Project("{FAE04EC0-301F-11D3-BF4B-00C04F79EFBC}") = "Util", "Util\Util.csproj", "{A32F9FCC-946C-4BC5-AFAC-06591AEAAC73}"
EndProject
Project("{FAE04EC0-301F-11D3-BF4B-00C04F79EFBC}") = "View", "View\View.csproj", "{6DF24BF0-49ED-4C42-8772-A07091F6D57F}"
EndProject
Global
	GlobalSection(SolutionConfigurationPlatforms) = preSolution
		Debug|Any CPU = Debug|Any CPU
		Release|Any CPU = Release|Any CPU
	EndGlobalSection
	GlobalSection(ProjectConfigurationPlatforms) = postSolution
		{D0EF4511-FBA3-42F2-8465-5A22C6931462}.Debug|Any CPU.ActiveCfg = Debug|Any CPU
		{D0EF4511-FBA3-42F2-8465-5A22C6931462}.Debug|Any CPU.Build.0 = Debug|Any CPU
		{D0EF4511-FBA3-42F2-8465-5A22C6931462}.Release|Any CPU.ActiveCfg = Release|Any CPU
		{D0EF4511-FBA3-42F2-8465-5A22C6931462}.Release|Any CPU.Build.0 = Release|Any CPU
		{916FC440-BA24-49E8-ABA3-A72088A5A3FD}.Debug|Any CPU.ActiveCfg = Debug|Any CPU
		{916FC440-BA24-49E8-ABA3-A72088A5A3FD}.Debug|Any CPU.Build.0 = Debug|Any CPU
		{916FC440-BA24-49E8-ABA3-A72088A5A3FD}.Release|Any CPU.ActiveCfg = Release|Any CPU
		{916FC440-BA24-49E8-ABA3-A72088A5A3FD}.Release|Any CPU.Build.0 = Release|Any CPU
		{A32F9FCC-946C-4BC5-AFAC-06591AEAAC73}.Debug|Any CPU.ActiveCfg = Debug|Any CPU
		{A32F9FCC-946C-4BC5-AFAC-06591AEAAC73}.Debug|Any CPU.Build.0 = Debug|Any CPU
		{A32F9FCC-946C-4BC5-AFAC-06591AEAAC73}.Release|Any CPU.ActiveCfg = Release|Any CPU
		{A32F9FCC-946C-4BC5-AFAC-06591AEAAC73}.Release|Any CPU.Build.0 = Release|Any CPU
		{6DF24BF0-49ED-4C42-8772-A07091F6D57F}.Debug|Any CPU.ActiveCfg = Debug|Any CPU
		{6DF24BF0-49ED-4C42-8772-A07091F6D57F}.Debug|Any CPU.Build.0 = Debug|Any CPU
		{6DF24BF0-49ED-4C42-8772-A07091F6D57F}.Release|Any CPU.ActiveCfg = Release|Any CPU
		{6DF24BF0-49ED-4C42-8772-A07091F6D57F}.Release|Any CPU.Build.0 = Release|Any CPU
	EndGlobalSection
EndGlobal
